
Microsoft Visual Studio Solution File, Format Version 12.00
# Visual Studio 15
VisualStudioVersion = 15.0.27703.2042
MinimumVisualStudioVersion = 10.0.40219.1
Project("{FAE04EC0-301F-11D3-BF4B-00C04F79EFBC}") = "ConsoleApp1", "ConsoleApp1\ConsoleApp1.csproj", "{2433E96D-B844-4145-9BC0-E3F74764FD4F}"
EndProject
Global
	GlobalSection(SolutionConfigurationPlatforms) = preSolution
		Debug|Any CPU = Debug|Any CPU
		Release|Any CPU = Release|Any CPU
	EndGlobalSection
	GlobalSection(ProjectConfigurationPlatforms) = postSolution
		{2433E96D-B844-4145-9BC0-E3F74764FD4F}.Debug|Any CPU.ActiveCfg = Debug|Any CPU
		{2433E96D-B844-4145-9BC0-E3F74764FD4F}.Debug|Any CPU.Build.0 = Debug|Any CPU
		{2433E96D-B844-4145-9BC0-E3F74764FD4F}.Release|Any CPU.ActiveCfg = Release|Any CPU
		{2433E96D-B844-4145-9BC0-E3F74764FD4F}.Release|Any CPU.Build.0 = Release|Any CPU
	EndGlobalSection
	GlobalSection(SolutionProperties) = preSolution
		HideSolutionNode = FALSE
	EndGlobalSection
	GlobalSection(ExtensibilityGlobals) = postSolution
		SolutionGuid = {C6A48C06-DB7A-4D6F-AFBC-8A3AF60B674F}
	EndGlobalSection
EndGlobal
